// !$*UTF8*$!
{
	archiveVersion = 1;
	classes = {
	};
	objectVersion = 77;
	objects = {

/* Begin PBXContainerItemProxy section */
		48829F4E2F2213110055913C /* PBXContainerItemProxy */ = {
			isa = PBXContainerItemProxy;
			containerPortal = 48829F382F22130F0055913C /* Project object */;
			proxyType = 1;
			remoteGlobalIDString = 48829F3F2F22130F0055913C;
			remoteInfo = ParenTime;
		};
		48829F582F2213110055913C /* PBXContainerItemProxy */ = {
			isa = PBXContainerItemProxy;
			containerPortal = 48829F382F22130F0055913C /* Project object */;
			proxyType = 1;
			remoteGlobalIDString = 48829F3F2F22130F0055913C;
			remoteInfo = ParenTime;
		};
/* End PBXContainerItemProxy section */

/* Begin PBXFileReference section */
		48829F402F22130F0055913C /* ParenTime.app */ = {isa = PBXFileReference; explicitFileType = wrapper.application; includeInIndex = 0; path = ParenTime.app; sourceTree = BUILT_PRODUCTS_DIR; };
		48829F4D2F2213110055913C /* ParenTimeTests.xctest */ = {isa = PBXFileReference; explicitFileType = wrapper.cfbundle; includeInIndex = 0; path = ParenTimeTests.xctest; sourceTree = BUILT_PRODUCTS_DIR; };
		48829F572F2213110055913C /* ParenTimeUITests.xctest */ = {isa = PBXFileReference; explicitFileType = wrapper.cfbundle; includeInIndex = 0; path = ParenTimeUITests.xctest; sourceTree = BUILT_PRODUCTS_DIR; };

		9B2DF7F50BFA4658B90B8196 /* DefaultSuggestionTemplate.swift */ = {isa = PBXFileReference; lastKnownFileType = sourcecode.swift; path = DefaultSuggestionTemplate.swift; sourceTree = "<group>"; };
		53000D215216436A8A8F21F0 /* default_suggestions.json */ = {isa = PBXFileReference; lastKnownFileType = text.json; path = default_suggestions.json; sourceTree = "<group>"; };
		E65BFF2887FA473BBAD5F603 /* SuggestionStateStore.swift */ = {isa = PBXFileReference; lastKnownFileType = sourcecode.swift; path = SuggestionStateStore.swift; sourceTree = "<group>"; };
/* End PBXFileReference section */

/* Begin PBXFileSystemSynchronizedRootGroup section */
		48829F422F22130F0055913C /* ParenTime */ = {
			isa = PBXFileSystemSynchronizedRootGroup;
			path = ParenTime;
			sourceTree = "<group>";
		};
		48829F502F2213110055913C /* ParenTimeTests */ = {
			isa = PBXFileSystemSynchronizedRootGroup;
			path = ParenTimeTests;
			sourceTree = "<group>";
		};
		48829F5A2F2213110055913C /* ParenTimeUITests */ = {
			isa = PBXFileSystemSynchronizedRootGroup;
			path = ParenTimeUITests;
			sourceTree = "<group>";
		};
/* End PBXFileSystemSynchronizedRootGroup section */

/* Begin PBXFrameworksBuildPhase section */
		48829F3D2F22130F0055913C /* Frameworks */ = {
			isa = PBXFrameworksBuildPhase;
			buildActionMask = 2147483647;
			files = (
			);
			runOnlyForDeploymentPostprocessing = 0;
		};
		48829F4A2F2213110055913C /* Frameworks */ = {
			isa = PBXFrameworksBuildPhase;
			buildActionMask = 2147483647;
			files = (
			);
			runOnlyForDeploymentPostprocessing = 0;
		};
		48829F542F2213110055913C /* Frameworks */ = {
			isa = PBXFrameworksBuildPhase;
			buildActionMask = 2147483647;
			files = (
			);
			runOnlyForDeploymentPostprocessing = 0;
		};
/* End PBXFrameworksBuildPhase section */

/* Begin PBXGroup section */
		48829F372F22130F0055913C = {
			isa = PBXGroup;
			children = (
				48829F422F22130F0055913C /* ParenTime */,
				48829F502F2213110055913C /* ParenTimeTests */,
				48829F5A2F2213110055913C /* ParenTimeUITests */,
				48829F412F22130F0055913C /* Products */,
			);
			sourceTree = "<group>";
		};
		48829F412F22130F0055913C /* Products */ = {
			isa = PBXGroup;
			children = (
				48829F402F22130F0055913C /* ParenTime.app */,
				48829F4D2F2213110055913C /* ParenTimeTests.xctest */,
				48829F572F2213110055913C /* ParenTimeUITests.xctest */,
			);
			name = Products;
			sourceTree = "<group>";
		};
/* End PBXGroup section */

/* Begin PBXNativeTarget section */
		48829F3F2F22130F0055913C /* ParenTime */ = {
			isa = PBXNativeTarget;
			buildConfigurationList = 48829F612F2213110055913C /* Build configuration list for PBXNativeTarget "ParenTime" */;
			buildPhases = (
				48829F3C2F22130F0055913C /* Sources */,
				48829F3D2F22130F0055913C /* Frameworks */,
				48829F3E2F22130F0055913C /* Resources */,
			);
			buildRules = (
			);
			dependencies = (
			);
			fileSystemSynchronizedGroups = (
				48829F422F22130F0055913C /* ParenTime */,
			);
			name = ParenTime;
			packageProductDependencies = (
			);
			productName = ParenTime;
			productReference = 48829F402F22130F0055913C /* ParenTime.app */;
			productType = "com.apple.product-type.application";
		};
		48829F4C2F2213110055913C /* ParenTimeTests */ = {
			isa = PBXNativeTarget;
			buildConfigurationList = 48829F642F2213110055913C /* Build configuration list for PBXNativeTarget "ParenTimeTests" */;
			buildPhases = (
				48829F492F2213110055913C /* Sources */,
				48829F4A2F2213110055913C /* Frameworks */,
				48829F4B2F2213110055913C /* Resources */,
			);
			buildRules = (
			);
			dependencies = (
				48829F4F2F2213110055913C /* PBXTargetDependency */,
			);
			fileSystemSynchronizedGroups = (
				48829F502F2213110055913C /* ParenTimeTests */,
			);
			name = ParenTimeTests;
			packageProductDependencies = (
			);
			productName = ParenTimeTests;
			productReference = 48829F4D2F2213110055913C /* ParenTimeTests.xctest */;
			productType = "com.apple.product-type.bundle.unit-test";
		};
		48829F562F2213110055913C /* ParenTimeUITests */ = {
			isa = PBXNativeTarget;
			buildConfigurationList = 48829F672F2213110055913C /* Build configuration list for PBXNativeTarget "ParenTimeUITests" */;
			buildPhases = (
				48829F532F2213110055913C /* Sources */,
				48829F542F2213110055913C /* Frameworks */,
				48829F552F2213110055913C /* Resources */,
			);
			buildRules = (
			);
			dependencies = (
				48829F592F2213110055913C /* PBXTargetDependency */,
			);
			fileSystemSynchronizedGroups = (
				48829F5A2F2213110055913C /* ParenTimeUITests */,
			);
			name = ParenTimeUITests;
			packageProductDependencies = (
			);
			productName = ParenTimeUITests;
			productReference = 48829F572F2213110055913C /* ParenTimeUITests.xctest */;
			productType = "com.apple.product-type.bundle.ui-testing";
		};
/* End PBXNativeTarget section */

/* Begin PBXProject section */
		48829F382F22130F0055913C /* Project object */ = {
			isa = PBXProject;
			attributes = {
				BuildIndependentTargetsInParallel = 1;
				LastSwiftUpdateCheck = 2620;
				LastUpgradeCheck = 2620;
				TargetAttributes = {
					48829F3F2F22130F0055913C = {
						CreatedOnToolsVersion = 26.2;
					};
					48829F4C2F2213110055913C = {
						CreatedOnToolsVersion = 26.2;
						TestTargetID = 48829F3F2F22130F0055913C;
					};
					48829F562F2213110055913C = {
						CreatedOnToolsVersion = 26.2;
						TestTargetID = 48829F3F2F22130F0055913C;
					};
				};
			};
			buildConfigurationList = 48829F3B2F22130F0055913C /* Build configuration list for PBXProject "ParenTime" */;
			developmentRegion = en;
			hasScannedForEncodings = 0;
			knownRegions = (
				en,
				Base,
			);
			mainGroup = 48829F372F22130F0055913C;
			minimizedProjectReferenceProxies = 1;
			preferredProjectObjectVersion = 77;
			productRefGroup = 48829F412F22130F0055913C /* Products */;
			projectDirPath = "";
			projectRoot = "";
			targets = (
				48829F3F2F22130F0055913C /* ParenTime */,
				48829F4C2F2213110055913C /* ParenTimeTests */,
				48829F562F2213110055913C /* ParenTimeUITests */,
			);
		};
/* End PBXProject section */

/* Begin PBXResourcesBuildPhase section */
		48829F3E2F22130F0055913C /* Resources */ = {
			isa = PBXResourcesBuildPhase;
			buildActionMask = 2147483647;
			files = (
			,
				8EE8252C4087480B8AEFC0D4 /* default_suggestions.json in Resources */);
			runOnlyForDeploymentPostprocessing = 0;
		};
		48829F4B2F2213110055913C /* Resources */ = {
			isa = PBXResourcesBuildPhase;
			buildActionMask = 2147483647;
			files = (
			,
				8EE8252C4087480B8AEFC0D4 /* default_suggestions.json in Resources */);
			runOnlyForDeploymentPostprocessing = 0;
		};
		48829F552F2213110055913C /* Resources */ = {
			isa = PBXResourcesBuildPhase;
			buildActionMask = 2147483647;
			files = (
			,
				8EE8252C4087480B8AEFC0D4 /* default_suggestions.json in Resources */);
			runOnlyForDeploymentPostprocessing = 0;
		};
/* End PBXResourcesBuildPhase section */

/* Begin PBXSourcesBuildPhase section */
		48829F3C2F22130F0055913C /* Sources */ = {
			isa = PBXSourcesBuildPhase;
			buildActionMask = 2147483647;
			files = (
			,
				DB8E96766A5544BD938F64CB /* DefaultSuggestionTemplate.swift in Sources */,
				406219B20F984ADD8A0F35E3 /* SuggestionStateStore.swift in Sources */);
			runOnlyForDeploymentPostprocessing = 0;
		};
		48829F492F2213110055913C /* Sources */ = {
			isa = PBXSourcesBuildPhase;
			buildActionMask = 2147483647;
			files = (
			,
				DB8E96766A5544BD938F64CB /* DefaultSuggestionTemplate.swift in Sources */,
				406219B20F984ADD8A0F35E3 /* SuggestionStateStore.swift in Sources */);
			runOnlyForDeploymentPostprocessing = 0;
		};
		48829F532F2213110055913C /* Sources */ = {
			isa = PBXSourcesBuildPhase;
			buildActionMask = 2147483647;
			files = (
			,
				DB8E96766A5544BD938F64CB /* DefaultSuggestionTemplate.swift in Sources */,
				406219B20F984ADD8A0F35E3 /* SuggestionStateStore.swift in Sources */);
			runOnlyForDeploymentPostprocessing = 0;
		};
/* End PBXSourcesBuildPhase section */

/* Begin PBXTargetDependency section */
		48829F4F2F2213110055913C /* PBXTargetDependency */ = {
			isa = PBXTargetDependency;
			target = 48829F3F2F22130F0055913C /* ParenTime */;
			targetProxy = 48829F4E2F2213110055913C /* PBXContainerItemProxy */;
		};
		48829F592F2213110055913C /* PBXTargetDependency */ = {
			isa = PBXTargetDependency;
			target = 48829F3F2F22130F0055913C /* ParenTime */;
			targetProxy = 48829F582F2213110055913C /* PBXContainerItemProxy */;
		};
/* End PBXTargetDependency section */

/* Begin XCBuildConfiguration section */
		48829F5F2F2213110055913C /* Debug */ = {
			isa = XCBuildConfiguration;
			buildSettings = {
				ALWAYS_SEARCH_USER_PATHS = NO;
				ASSETCATALOG_COMPILER_GENERATE_SWIFT_ASSET_SYMBOL_EXTENSIONS = YES;
				CLANG_ANALYZER_NONNULL = YES;
				CLANG_ANALYZER_NUMBER_OBJECT_CONVERSION = YES_AGGRESSIVE;
				CLANG_CXX_LANGUAGE_STANDARD = "gnu++20";
				CLANG_ENABLE_MODULES = YES;
				CLANG_ENABLE_OBJC_ARC = YES;
				CLANG_ENABLE_OBJC_WEAK = YES;
				CLANG_WARN_BLOCK_CAPTURE_AUTORELEASING = YES;
				CLANG_WARN_BOOL_CONVERSION = YES;
				CLANG_WARN_COMMA = YES;
				CLANG_WARN_CONSTANT_CONVERSION = YES;
				CLANG_WARN_DEPRECATED_OBJC_IMPLEMENTATIONS = YES;
				CLANG_WARN_DIRECT_OBJC_ISA_USAGE = YES_ERROR;
				CLANG_WARN_DOCUMENTATION_COMMENTS = YES;
				CLANG_WARN_EMPTY_BODY = YES;
				CLANG_WARN_ENUM_CONVERSION = YES;
				CLANG_WARN_INFINITE_RECURSION = YES;
				CLANG_WARN_INT_CONVERSION = YES;
				CLANG_WARN_NON_LITERAL_NULL_CONVERSION = YES;
				CLANG_WARN_OBJC_IMPLICIT_RETAIN_SELF = YES;
				CLANG_WARN_OBJC_LITERAL_CONVERSION = YES;
				CLANG_WARN_OBJC_ROOT_CLASS = YES_ERROR;
				CLANG_WARN_QUOTED_INCLUDE_IN_FRAMEWORK_HEADER = YES;
				CLANG_WARN_RANGE_LOOP_ANALYSIS = YES;
				CLANG_WARN_STRICT_PROTOTYPES = YES;
				CLANG_WARN_SUSPICIOUS_MOVE = YES;
				CLANG_WARN_UNGUARDED_AVAILABILITY = YES_AGGRESSIVE;
				CLANG_WARN_UNREACHABLE_CODE = YES;
				CLANG_WARN__DUPLICATE_METHOD_MATCH = YES;
				COPY_PHASE_STRIP = NO;
				DEBUG_INFORMATION_FORMAT = dwarf;
				ENABLE_STRICT_OBJC_MSGSEND = YES;
				ENABLE_TESTABILITY = YES;
				ENABLE_USER_SCRIPT_SANDBOXING = YES;
				GCC_C_LANGUAGE_STANDARD = gnu17;
				GCC_DYNAMIC_NO_PIC = NO;
				GCC_NO_COMMON_BLOCKS = YES;
				GCC_OPTIMIZATION_LEVEL = 0;
				GCC_PREPROCESSOR_DEFINITIONS = (
					"DEBUG=1",
					"$(inherited)",
				);
				GCC_WARN_64_TO_32_BIT_CONVERSION = YES;
				GCC_WARN_ABOUT_RETURN_TYPE = YES_ERROR;
				GCC_WARN_UNDECLARED_SELECTOR = YES;
				GCC_WARN_UNINITIALIZED_AUTOS = YES_AGGRESSIVE;
				GCC_WARN_UNUSED_FUNCTION = YES;
				GCC_WARN_UNUSED_VARIABLE = YES;
				IPHONEOS_DEPLOYMENT_TARGET = 26.2;
				LOCALIZATION_PREFERS_STRING_CATALOGS = YES;
				MTL_ENABLE_DEBUG_INFO = INCLUDE_SOURCE;
				MTL_FAST_MATH = YES;
				ONLY_ACTIVE_ARCH = YES;
				SDKROOT = iphoneos;
				SWIFT_ACTIVE_COMPILATION_CONDITIONS = "DEBUG $(inherited)";
				SWIFT_OPTIMIZATION_LEVEL = "-Onone";
			};
			name = Debug;
		};
		48829F602F2213110055913C /* Release */ = {
			isa = XCBuildConfiguration;
			buildSettings = {
				ALWAYS_SEARCH_USER_PATHS = NO;
				ASSETCATALOG_COMPILER_GENERATE_SWIFT_ASSET_SYMBOL_EXTENSIONS = YES;
				CLANG_ANALYZER_NONNULL = YES;
				CLANG_ANALYZER_NUMBER_OBJECT_CONVERSION = YES_AGGRESSIVE;
				CLANG_CXX_LANGUAGE_STANDARD = "gnu++20";
				CLANG_ENABLE_MODULES = YES;
				CLANG_ENABLE_OBJC_ARC = YES;
				CLANG_ENABLE_OBJC_WEAK = YES;
				CLANG_WARN_BLOCK_CAPTURE_AUTORELEASING = YES;
				CLANG_WARN_BOOL_CONVERSION = YES;
				CLANG_WARN_COMMA = YES;
				CLANG_WARN_CONSTANT_CONVERSION = YES;
				CLANG_WARN_DEPRECATED_OBJC_IMPLEMENTATIONS = YES;
				CLANG_WARN_DIRECT_OBJC_ISA_USAGE = YES_ERROR;
				CLANG_WARN_DOCUMENTATION_COMMENTS = YES;
				CLANG_WARN_EMPTY_BODY = YES;
				CLANG_WARN_ENUM_CONVERSION = YES;
				CLANG_WARN_INFINITE_RECURSION = YES;
				CLANG_WARN_INT_CONVERSION = YES;
				CLANG_WARN_NON_LITERAL_NULL_CONVERSION = YES;
				CLANG_WARN_OBJC_IMPLICIT_RETAIN_SELF = YES;
				CLANG_WARN_OBJC_LITERAL_CONVERSION = YES;
				CLANG_WARN_OBJC_ROOT_CLASS = YES_ERROR;
				CLANG_WARN_QUOTED_INCLUDE_IN_FRAMEWORK_HEADER = YES;
				CLANG_WARN_RANGE_LOOP_ANALYSIS = YES;
				CLANG_WARN_STRICT_PROTOTYPES = YES;
				CLANG_WARN_SUSPICIOUS_MOVE = YES;
				CLANG_WARN_UNGUARDED_AVAILABILITY = YES_AGGRESSIVE;
				CLANG_WARN_UNREACHABLE_CODE = YES;
				CLANG_WARN__DUPLICATE_METHOD_MATCH = YES;
				COPY_PHASE_STRIP = NO;
				DEBUG_INFORMATION_FORMAT = "dwarf-with-dsym";
				ENABLE_NS_ASSERTIONS = NO;
				ENABLE_STRICT_OBJC_MSGSEND = YES;
				ENABLE_USER_SCRIPT_SANDBOXING = YES;
				GCC_C_LANGUAGE_STANDARD = gnu17;
				GCC_NO_COMMON_BLOCKS = YES;
				GCC_WARN_64_TO_32_BIT_CONVERSION = YES;
				GCC_WARN_ABOUT_RETURN_TYPE = YES_ERROR;
				GCC_WARN_UNDECLARED_SELECTOR = YES;
				GCC_WARN_UNINITIALIZED_AUTOS = YES_AGGRESSIVE;
				GCC_WARN_UNUSED_FUNCTION = YES;
				GCC_WARN_UNUSED_VARIABLE = YES;
				IPHONEOS_DEPLOYMENT_TARGET = 26.2;
				LOCALIZATION_PREFERS_STRING_CATALOGS = YES;
				MTL_ENABLE_DEBUG_INFO = NO;
				MTL_FAST_MATH = YES;
				SDKROOT = iphoneos;
				SWIFT_COMPILATION_MODE = wholemodule;
				VALIDATE_PRODUCT = YES;
			};
			name = Release;
		};
		48829F622F2213110055913C /* Debug */ = {
			isa = XCBuildConfiguration;
			buildSettings = {
				ASSETCATALOG_COMPILER_APPICON_NAME = AppIcon;
				ASSETCATALOG_COMPILER_GLOBAL_ACCENT_COLOR_NAME = AccentColor;
				CODE_SIGN_STYLE = Automatic;
				CURRENT_PROJECT_VERSION = 1;
				ENABLE_PREVIEWS = YES;
				GENERATE_INFOPLIST_FILE = YES;
				INFOPLIST_KEY_UIApplicationSceneManifest_Generation = YES;
				INFOPLIST_KEY_UIApplicationSupportsIndirectInputEvents = YES;
				INFOPLIST_KEY_UILaunchScreen_Generation = YES;
				INFOPLIST_KEY_UISupportedInterfaceOrientations_iPad = "UIInterfaceOrientationPortrait UIInterfaceOrientationPortraitUpsideDown UIInterfaceOrientationLandscapeLeft UIInterfaceOrientationLandscapeRight";
				INFOPLIST_KEY_UISupportedInterfaceOrientations_iPhone = "UIInterfaceOrientationPortrait UIInterfaceOrientationLandscapeLeft UIInterfaceOrientationLandscapeRight";
				LD_RUNPATH_SEARCH_PATHS = (
					"$(inherited)",
					"@executable_path/Frameworks",
				);
				MARKETING_VERSION = 1.0;
				PRODUCT_BUNDLE_IDENTIFIER = net.chromantis.ParenTime;
				PRODUCT_NAME = "$(TARGET_NAME)";
				STRING_CATALOG_GENERATE_SYMBOLS = YES;
				SWIFT_APPROACHABLE_CONCURRENCY = YES;
				SWIFT_DEFAULT_ACTOR_ISOLATION = MainActor;
				SWIFT_EMIT_LOC_STRINGS = YES;
				SWIFT_UPCOMING_FEATURE_MEMBER_IMPORT_VISIBILITY = YES;
				SWIFT_VERSION = 5.0;
				TARGETED_DEVICE_FAMILY = "1,2";
			};
			name = Debug;
		};
		48829F632F2213110055913C /* Release */ = {
			isa = XCBuildConfiguration;
			buildSettings = {
				ASSETCATALOG_COMPILER_APPICON_NAME = AppIcon;
				ASSETCATALOG_COMPILER_GLOBAL_ACCENT_COLOR_NAME = AccentColor;
				CODE_SIGN_STYLE = Automatic;
				CURRENT_PROJECT_VERSION = 1;
				ENABLE_PREVIEWS = YES;
				GENERATE_INFOPLIST_FILE = YES;
				INFOPLIST_KEY_UIApplicationSceneManifest_Generation = YES;
				INFOPLIST_KEY_UIApplicationSupportsIndirectInputEvents = YES;
				INFOPLIST_KEY_UILaunchScreen_Generation = YES;
				INFOPLIST_KEY_UISupportedInterfaceOrientations_iPad = "UIInterfaceOrientationPortrait UIInterfaceOrientationPortraitUpsideDown UIInterfaceOrientationLandscapeLeft UIInterfaceOrientationLandscapeRight";
				INFOPLIST_KEY_UISupportedInterfaceOrientations_iPhone = "UIInterfaceOrientationPortrait UIInterfaceOrientationLandscapeLeft UIInterfaceOrientationLandscapeRight";
				LD_RUNPATH_SEARCH_PATHS = (
					"$(inherited)",
					"@executable_path/Frameworks",
				);
				MARKETING_VERSION = 1.0;
				PRODUCT_BUNDLE_IDENTIFIER = net.chromantis.ParenTime;
				PRODUCT_NAME = "$(TARGET_NAME)";
				STRING_CATALOG_GENERATE_SYMBOLS = YES;
				SWIFT_APPROACHABLE_CONCURRENCY = YES;
				SWIFT_DEFAULT_ACTOR_ISOLATION = MainActor;
				SWIFT_EMIT_LOC_STRINGS = YES;
				SWIFT_UPCOMING_FEATURE_MEMBER_IMPORT_VISIBILITY = YES;
				SWIFT_VERSION = 5.0;
				TARGETED_DEVICE_FAMILY = "1,2";
			};
			name = Release;
		};
		48829F652F2213110055913C /* Debug */ = {
			isa = XCBuildConfiguration;
			buildSettings = {
				BUNDLE_LOADER = "$(TEST_HOST)";
				CODE_SIGN_STYLE = Automatic;
				CURRENT_PROJECT_VERSION = 1;
				GENERATE_INFOPLIST_FILE = YES;
				IPHONEOS_DEPLOYMENT_TARGET = 26.2;
				MARKETING_VERSION = 1.0;
				PRODUCT_BUNDLE_IDENTIFIER = net.chromantis.ParenTimeTests;
				PRODUCT_NAME = "$(TARGET_NAME)";
				STRING_CATALOG_GENERATE_SYMBOLS = NO;
				SWIFT_APPROACHABLE_CONCURRENCY = YES;
				SWIFT_EMIT_LOC_STRINGS = NO;
				SWIFT_UPCOMING_FEATURE_MEMBER_IMPORT_VISIBILITY = YES;
				SWIFT_VERSION = 5.0;
				TARGETED_DEVICE_FAMILY = "1,2";
				TEST_HOST = "$(BUILT_PRODUCTS_DIR)/ParenTime.app/$(BUNDLE_EXECUTABLE_FOLDER_PATH)/ParenTime";
			};
			name = Debug;
		};
		48829F662F2213110055913C /* Release */ = {
			isa = XCBuildConfiguration;
			buildSettings = {
				BUNDLE_LOADER = "$(TEST_HOST)";
				CODE_SIGN_STYLE = Automatic;
				CURRENT_PROJECT_VERSION = 1;
				GENERATE_INFOPLIST_FILE = YES;
				IPHONEOS_DEPLOYMENT_TARGET = 26.2;
				MARKETING_VERSION = 1.0;
				PRODUCT_BUNDLE_IDENTIFIER = net.chromantis.ParenTimeTests;
				PRODUCT_NAME = "$(TARGET_NAME)";
				STRING_CATALOG_GENERATE_SYMBOLS = NO;
				SWIFT_APPROACHABLE_CONCURRENCY = YES;
				SWIFT_EMIT_LOC_STRINGS = NO;
				SWIFT_UPCOMING_FEATURE_MEMBER_IMPORT_VISIBILITY = YES;
				SWIFT_VERSION = 5.0;
				TARGETED_DEVICE_FAMILY = "1,2";
				TEST_HOST = "$(BUILT_PRODUCTS_DIR)/ParenTime.app/$(BUNDLE_EXECUTABLE_FOLDER_PATH)/ParenTime";
			};
			name = Release;
		};
		48829F682F2213110055913C /* Debug */ = {
			isa = XCBuildConfiguration;
			buildSettings = {
				CODE_SIGN_STYLE = Automatic;
				CURRENT_PROJECT_VERSION = 1;
				GENERATE_INFOPLIST_FILE = YES;
				MARKETING_VERSION = 1.0;
				PRODUCT_BUNDLE_IDENTIFIER = net.chromantis.ParenTimeUITests;
				PRODUCT_NAME = "$(TARGET_NAME)";
				STRING_CATALOG_GENERATE_SYMBOLS = NO;
				SWIFT_APPROACHABLE_CONCURRENCY = YES;
				SWIFT_EMIT_LOC_STRINGS = NO;
				SWIFT_UPCOMING_FEATURE_MEMBER_IMPORT_VISIBILITY = YES;
				SWIFT_VERSION = 5.0;
				TARGETED_DEVICE_FAMILY = "1,2";
				TEST_TARGET_NAME = ParenTime;
			};
			name = Debug;
		};
		48829F692F2213110055913C /* Release */ = {
			isa = XCBuildConfiguration;
			buildSettings = {
				CODE_SIGN_STYLE = Automatic;
				CURRENT_PROJECT_VERSION = 1;
				GENERATE_INFOPLIST_FILE = YES;
				MARKETING_VERSION = 1.0;
				PRODUCT_BUNDLE_IDENTIFIER = net.chromantis.ParenTimeUITests;
				PRODUCT_NAME = "$(TARGET_NAME)";
				STRING_CATALOG_GENERATE_SYMBOLS = NO;
				SWIFT_APPROACHABLE_CONCURRENCY = YES;
				SWIFT_EMIT_LOC_STRINGS = NO;
				SWIFT_UPCOMING_FEATURE_MEMBER_IMPORT_VISIBILITY = YES;
				SWIFT_VERSION = 5.0;
				TARGETED_DEVICE_FAMILY = "1,2";
				TEST_TARGET_NAME = ParenTime;
			};
			name = Release;
		};
/* End XCBuildConfiguration section */

/* Begin XCConfigurationList section */
		48829F3B2F22130F0055913C /* Build configuration list for PBXProject "ParenTime" */ = {
			isa = XCConfigurationList;
			buildConfigurations = (
				48829F5F2F2213110055913C /* Debug */,
				48829F602F2213110055913C /* Release */,
			);
			defaultConfigurationIsVisible = 0;
			defaultConfigurationName = Release;
		};
		48829F612F2213110055913C /* Build configuration list for PBXNativeTarget "ParenTime" */ = {
			isa = XCConfigurationList;
			buildConfigurations = (
				48829F622F2213110055913C /* Debug */,
				48829F632F2213110055913C /* Release */,
			);
			defaultConfigurationIsVisible = 0;
			defaultConfigurationName = Release;
		};
		48829F642F2213110055913C /* Build configuration list for PBXNativeTarget "ParenTimeTests" */ = {
			isa = XCConfigurationList;
			buildConfigurations = (
				48829F652F2213110055913C /* Debug */,
				48829F662F2213110055913C /* Release */,
			);
			defaultConfigurationIsVisible = 0;
			defaultConfigurationName = Release;
		};
		48829F672F2213110055913C /* Build configuration list for PBXNativeTarget "ParenTimeUITests" */ = {
			isa = XCConfigurationList;
			buildConfigurations = (
				48829F682F2213110055913C /* Debug */,
				48829F692F2213110055913C /* Release */,
			);
			defaultConfigurationIsVisible = 0;
			defaultConfigurationName = Release;
		};
/* End XCConfigurationList section */
	};
	rootObject = 48829F382F22130F0055913C /* Project object */;
}
